
Microsoft Visual Studio Solution File, Format Version 12.00
# Visual Studio Version 17
VisualStudioVersion = 17.14.36511.14 d17.14
MinimumVisualStudioVersion = 10.0.40219.1
Project("{FAE04EC0-301F-11D3-BF4B-00C04F79EFBC}") = "Buscamingas", "Buscamingas\Buscamingas.csproj", "{B6E48B95-C872-4CC9-A958-FEDB0414C239}"
EndProject
Global
	GlobalSection(SolutionConfigurationPlatforms) = preSolution
		Debug|Any CPU = Debug|Any CPU
		Release|Any CPU = Release|Any CPU
	EndGlobalSection
	GlobalSection(ProjectConfigurationPlatforms) = postSolution
		{B6E48B95-C872-4CC9-A958-FEDB0414C239}.Debug|Any CPU.ActiveCfg = Debug|Any CPU
		{B6E48B95-C872-4CC9-A958-FEDB0414C239}.Debug|Any CPU.Build.0 = Debug|Any CPU
		{B6E48B95-C872-4CC9-A958-FEDB0414C239}.Release|Any CPU.ActiveCfg = Release|Any CPU
		{B6E48B95-C872-4CC9-A958-FEDB0414C239}.Release|Any CPU.Build.0 = Release|Any CPU
	EndGlobalSection
	GlobalSection(SolutionProperties) = preSolution
		HideSolutionNode = FALSE
	EndGlobalSection
	GlobalSection(ExtensibilityGlobals) = postSolution
		SolutionGuid = {E7886C97-D23C-430A-B48D-8585A8C80A38}
	EndGlobalSection
EndGlobal
